
Microsoft Visual Studio Solution File, Format Version 12.00
# Visual Studio 15
VisualStudioVersion = 15.0.27703.2026
MinimumVisualStudioVersion = 10.0.40219.1
Project("{FAE04EC0-301F-11D3-BF4B-00C04F79EFBC}") = "DnmpNetworkClient", "DnmpNetworkClient\DnmpNetworkClient.csproj", "{1A57D6E7-45A0-403E-A319-B85354F75BC6}"
EndProject
Project("{FAE04EC0-301F-11D3-BF4B-00C04F79EFBC}") = "DnmpLibrary", "DnmpLibrary\DnmpLibrary\DnmpLibrary.csproj", "{6DEE7EFB-C645-4E50-B6A3-9ACD533E3C10}"
EndProject
Project("{9A19103F-16F7-4668-BE54-9A1E7A4F7556}") = "StackExchange.NetGain", "NetGain\src\StackExchange.NetGain\StackExchange.NetGain.csproj", "{A22DBAA1-19FC-4D67-AF90-0114EF471D58}"
EndProject
Global
	GlobalSection(SolutionConfigurationPlatforms) = preSolution
		Debug|Any CPU = Debug|Any CPU
		Release|Any CPU = Release|Any CPU
	EndGlobalSection
	GlobalSection(ProjectConfigurationPlatforms) = postSolution
		{1A57D6E7-45A0-403E-A319-B85354F75BC6}.Debug|Any CPU.ActiveCfg = Debug|Any CPU
		{1A57D6E7-45A0-403E-A319-B85354F75BC6}.Debug|Any CPU.Build.0 = Debug|Any CPU
		{1A57D6E7-45A0-403E-A319-B85354F75BC6}.Release|Any CPU.ActiveCfg = Release|Any CPU
		{1A57D6E7-45A0-403E-A319-B85354F75BC6}.Release|Any CPU.Build.0 = Release|Any CPU
		{6DEE7EFB-C645-4E50-B6A3-9ACD533E3C10}.Debug|Any CPU.ActiveCfg = Debug|Any CPU
		{6DEE7EFB-C645-4E50-B6A3-9ACD533E3C10}.Debug|Any CPU.Build.0 = Debug|Any CPU
		{6DEE7EFB-C645-4E50-B6A3-9ACD533E3C10}.Release|Any CPU.ActiveCfg = Release|Any CPU
		{6DEE7EFB-C645-4E50-B6A3-9ACD533E3C10}.Release|Any CPU.Build.0 = Release|Any CPU
		{A22DBAA1-19FC-4D67-AF90-0114EF471D58}.Debug|Any CPU.ActiveCfg = Debug|Any CPU
		{A22DBAA1-19FC-4D67-AF90-0114EF471D58}.Debug|Any CPU.Build.0 = Debug|Any CPU
		{A22DBAA1-19FC-4D67-AF90-0114EF471D58}.Release|Any CPU.ActiveCfg = Release|Any CPU
		{A22DBAA1-19FC-4D67-AF90-0114EF471D58}.Release|Any CPU.Build.0 = Release|Any CPU
	EndGlobalSection
	GlobalSection(SolutionProperties) = preSolution
		HideSolutionNode = FALSE
	EndGlobalSection
	GlobalSection(ExtensibilityGlobals) = postSolution
		SolutionGuid = {6EB4BEAB-AE25-4E75-A6C5-FCE2B660F391}
	EndGlobalSection
EndGlobal
